
Microsoft Visual Studio Solution File, Format Version 12.00
# Visual Studio Version 17
VisualStudioVersion = 17.10.35013.160
MinimumVisualStudioVersion = 10.0.40219.1
Project("{FAE04EC0-301F-11D3-BF4B-00C04F79EFBC}") = "Explorer", "Explorer\Explorer.csproj", "{DC2B41E6-B3C2-491D-95C6-1D3FCEA26F39}"
EndProject
Global
	GlobalSection(SolutionConfigurationPlatforms) = preSolution
		Debug|Any CPU = Debug|Any CPU
		Release|Any CPU = Release|Any CPU
	EndGlobalSection
	GlobalSection(ProjectConfigurationPlatforms) = postSolution
		{DC2B41E6-B3C2-491D-95C6-1D3FCEA26F39}.Debug|Any CPU.ActiveCfg = Debug|Any CPU
		{DC2B41E6-B3C2-491D-95C6-1D3FCEA26F39}.Debug|Any CPU.Build.0 = Debug|Any CPU
		{DC2B41E6-B3C2-491D-95C6-1D3FCEA26F39}.Release|Any CPU.ActiveCfg = Release|Any CPU
		{DC2B41E6-B3C2-491D-95C6-1D3FCEA26F39}.Release|Any CPU.Build.0 = Release|Any CPU
	EndGlobalSection
	GlobalSection(SolutionProperties) = preSolution
		HideSolutionNode = FALSE
	EndGlobalSection
	GlobalSection(ExtensibilityGlobals) = postSolution
		SolutionGuid = {58271046-E98D-4812-9193-820C1AAF8BCF}
	EndGlobalSection
EndGlobal
